// !$*UTF8*$!
{
	archiveVersion = 1;
	classes = {
	};
	objectVersion = 51;
	objects = {

/* Begin PBXBuildFile section */
		12A4C8AA2AEF70AD3710DEAA /* Pods_GoodNews.framework in Frameworks */ = {isa = PBXBuildFile; fileRef = 9DB8C3812079D3DCDF819150 /* Pods_GoodNews.framework */; };
		C55B5864235D3AEA0091A774 /* AppDelegate.swift in Sources */ = {isa = PBXBuildFile; fileRef = C55B5863235D3AEA0091A774 /* AppDelegate.swift */; };
		C55B586B235D3AEA0091A774 /* Main.storyboard in Resources */ = {isa = PBXBuildFile; fileRef = C55B5869235D3AEA0091A774 /* Main.storyboard */; };
		C55B586D235D3AEC0091A774 /* Assets.xcassets in Resources */ = {isa = PBXBuildFile; fileRef = C55B586C235D3AEC0091A774 /* Assets.xcassets */; };
		C55B5870235D3AEC0091A774 /* LaunchScreen.storyboard in Resources */ = {isa = PBXBuildFile; fileRef = C55B586E235D3AEC0091A774 /* LaunchScreen.storyboard */; };
		C55B5878235D3DFB0091A774 /* NewsTableViewController.swift in Sources */ = {isa = PBXBuildFile; fileRef = C55B5877235D3DFB0091A774 /* NewsTableViewController.swift */; };
		C55B587A235D40440091A774 /* TopNewsService.swift in Sources */ = {isa = PBXBuildFile; fileRef = C55B5879235D40440091A774 /* TopNewsService.swift */; };
		C55B587C235D428E0091A774 /* Article.swift in Sources */ = {isa = PBXBuildFile; fileRef = C55B587B235D428E0091A774 /* Article.swift */; };
		C55B587E235D445F0091A774 /* ArticleTableViewCell.swift in Sources */ = {isa = PBXBuildFile; fileRef = C55B587D235D445F0091A774 /* ArticleTableViewCell.swift */; };
		C55B5880235D47B40091A774 /* URLRequests+Extension.swift in Sources */ = {isa = PBXBuildFile; fileRef = C55B587F235D47B40091A774 /* URLRequests+Extension.swift */; };
/* End PBXBuildFile section */

/* Begin PBXFileReference section */
		388934340B29DE9C44190BDB /* Pods-GoodNews.debug.xcconfig */ = {isa = PBXFileReference; includeInIndex = 1; lastKnownFileType = text.xcconfig; name = "Pods-GoodNews.debug.xcconfig"; path = "Target Support Files/Pods-GoodNews/Pods-GoodNews.debug.xcconfig"; sourceTree = "<group>"; };
		9DB8C3812079D3DCDF819150 /* Pods_GoodNews.framework */ = {isa = PBXFileReference; explicitFileType = wrapper.framework; includeInIndex = 0; path = Pods_GoodNews.framework; sourceTree = BUILT_PRODUCTS_DIR; };
		C55B5860235D3AEA0091A774 /* GoodNews.app */ = {isa = PBXFileReference; explicitFileType = wrapper.application; includeInIndex = 0; path = GoodNews.app; sourceTree = BUILT_PRODUCTS_DIR; };
		C55B5863235D3AEA0091A774 /* AppDelegate.swift */ = {isa = PBXFileReference; lastKnownFileType = sourcecode.swift; path = AppDelegate.swift; sourceTree = "<group>"; };
		C55B586A235D3AEA0091A774 /* Base */ = {isa = PBXFileReference; lastKnownFileType = file.storyboard; name = Base; path = Base.lproj/Main.storyboard; sourceTree = "<group>"; };
		C55B586C235D3AEC0091A774 /* Assets.xcassets */ = {isa = PBXFileReference; lastKnownFileType = folder.assetcatalog; path = Assets.xcassets; sourceTree = "<group>"; };
		C55B586F235D3AEC0091A774 /* Base */ = {isa = PBXFileReference; lastKnownFileType = file.storyboard; name = Base; path = Base.lproj/LaunchScreen.storyboard; sourceTree = "<group>"; };
		C55B5871235D3AEC0091A774 /* Info.plist */ = {isa = PBXFileReference; lastKnownFileType = text.plist.xml; path = Info.plist; sourceTree = "<group>"; };
		C55B5877235D3DFB0091A774 /* NewsTableViewController.swift */ = {isa = PBXFileReference; lastKnownFileType = sourcecode.swift; path = NewsTableViewController.swift; sourceTree = "<group>"; };
		C55B5879235D40440091A774 /* TopNewsService.swift */ = {isa = PBXFileReference; lastKnownFileType = sourcecode.swift; path = TopNewsService.swift; sourceTree = "<group>"; };
		C55B587B235D428E0091A774 /* Article.swift */ = {isa = PBXFileReference; lastKnownFileType = sourcecode.swift; path = Article.swift; sourceTree = "<group>"; };
		C55B587D235D445F0091A774 /* ArticleTableViewCell.swift */ = {isa = PBXFileReference; lastKnownFileType = sourcecode.swift; path = ArticleTableViewCell.swift; sourceTree = "<group>"; };
		C55B587F235D47B40091A774 /* URLRequests+Extension.swift */ = {isa = PBXFileReference; lastKnownFileType = sourcecode.swift; path = "URLRequests+Extension.swift"; sourceTree = "<group>"; };
		DA85C56324A3E4134062B4A1 /* Pods-GoodNews.release.xcconfig */ = {isa = PBXFileReference; includeInIndex = 1; lastKnownFileType = text.xcconfig; name = "Pods-GoodNews.release.xcconfig"; path = "Target Support Files/Pods-GoodNews/Pods-GoodNews.release.xcconfig"; sourceTree = "<group>"; };
/* End PBXFileReference section */

/* Begin PBXFrameworksBuildPhase section */
		C55B585D235D3AEA0091A774 /* Frameworks */ = {
			isa = PBXFrameworksBuildPhase;
			buildActionMask = 2147483647;
			files = (
				12A4C8AA2AEF70AD3710DEAA /* Pods_GoodNews.framework in Frameworks */,
			);
			runOnlyForDeploymentPostprocessing = 0;
		};
/* End PBXFrameworksBuildPhase section */

/* Begin PBXGroup section */
		979574C7B9B98FD3A07F3ADB /* Frameworks */ = {
			isa = PBXGroup;
			children = (
				9DB8C3812079D3DCDF819150 /* Pods_GoodNews.framework */,
			);
			name = Frameworks;
			sourceTree = "<group>";
		};
		C55B5857235D3AEA0091A774 = {
			isa = PBXGroup;
			children = (
				C55B5862235D3AEA0091A774 /* GoodNews */,
				C55B5861235D3AEA0091A774 /* Products */,
				C63B9C978FA4476EF3EB851E /* Pods */,
				979574C7B9B98FD3A07F3ADB /* Frameworks */,
			);
			sourceTree = "<group>";
		};
		C55B5861235D3AEA0091A774 /* Products */ = {
			isa = PBXGroup;
			children = (
				C55B5860235D3AEA0091A774 /* GoodNews.app */,
			);
			name = Products;
			sourceTree = "<group>";
		};
		C55B5862235D3AEA0091A774 /* GoodNews */ = {
			isa = PBXGroup;
			children = (
				C55B5863235D3AEA0091A774 /* AppDelegate.swift */,
				C55B587D235D445F0091A774 /* ArticleTableViewCell.swift */,
				C55B5877235D3DFB0091A774 /* NewsTableViewController.swift */,
				C55B5879235D40440091A774 /* TopNewsService.swift */,
				C55B587F235D47B40091A774 /* URLRequests+Extension.swift */,
				C55B587B235D428E0091A774 /* Article.swift */,
				C55B5869235D3AEA0091A774 /* Main.storyboard */,
				C55B586C235D3AEC0091A774 /* Assets.xcassets */,
				C55B586E235D3AEC0091A774 /* LaunchScreen.storyboard */,
				C55B5871235D3AEC0091A774 /* Info.plist */,
			);
			path = GoodNews;
			sourceTree = "<group>";
		};
		C63B9C978FA4476EF3EB851E /* Pods */ = {
			isa = PBXGroup;
			children = (
				388934340B29DE9C44190BDB /* Pods-GoodNews.debug.xcconfig */,
				DA85C56324A3E4134062B4A1 /* Pods-GoodNews.release.xcconfig */,
			);
			path = Pods;
			sourceTree = "<group>";
		};
/* End PBXGroup section */

/* Begin PBXNativeTarget section */
		C55B585F235D3AEA0091A774 /* GoodNews */ = {
			isa = PBXNativeTarget;
			buildConfigurationList = C55B5874235D3AEC0091A774 /* Build configuration list for PBXNativeTarget "GoodNews" */;
			buildPhases = (
				124A62E4D3446891DD72785F /* [CP] Check Pods Manifest.lock */,
				C55B585C235D3AEA0091A774 /* Sources */,
				C55B585D235D3AEA0091A774 /* Frameworks */,
				C55B585E235D3AEA0091A774 /* Resources */,
				58C8A276A53D116CA72D52B9 /* [CP] Embed Pods Frameworks */,
			);
			buildRules = (
			);
			dependencies = (
			);
			name = GoodNews;
			productName = GoodNews;
			productReference = C55B5860235D3AEA0091A774 /* GoodNews.app */;
			productType = "com.apple.product-type.application";
		};
/* End PBXNativeTarget section */

/* Begin PBXProject section */
		C55B5858235D3AEA0091A774 /* Project object */ = {
			isa = PBXProject;
			attributes = {
				LastSwiftUpdateCheck = 1110;
				LastUpgradeCheck = 1110;
				ORGANIZATIONNAME = "Code With Shabib";
				TargetAttributes = {
					C55B585F235D3AEA0091A774 = {
						CreatedOnToolsVersion = 11.1;
					};
				};
			};
			buildConfigurationList = C55B585B235D3AEA0091A774 /* Build configuration list for PBXProject "GoodNews" */;
			compatibilityVersion = "Xcode 9.3";
			developmentRegion = en;
			hasScannedForEncodings = 0;
			knownRegions = (
				en,
				Base,
			);
			mainGroup = C55B5857235D3AEA0091A774;
			productRefGroup = C55B5861235D3AEA0091A774 /* Products */;
			projectDirPath = "";
			projectRoot = "";
			targets = (
				C55B585F235D3AEA0091A774 /* GoodNews */,
			);
		};
/* End PBXProject section */

/* Begin PBXResourcesBuildPhase section */
		C55B585E235D3AEA0091A774 /* Resources */ = {
			isa = PBXResourcesBuildPhase;
			buildActionMask = 2147483647;
			files = (
				C55B5870235D3AEC0091A774 /* LaunchScreen.storyboard in Resources */,
				C55B586D235D3AEC0091A774 /* Assets.xcassets in Resources */,
				C55B586B235D3AEA0091A774 /* Main.storyboard in Resources */,
			);
			runOnlyForDeploymentPostprocessing = 0;
		};
/* End PBXResourcesBuildPhase section */

/* Begin PBXShellScriptBuildPhase section */
		124A62E4D3446891DD72785F /* [CP] Check Pods Manifest.lock */ = {
			isa = PBXShellScriptBuildPhase;
			buildActionMask = 2147483647;
			files = (
			);
			inputFileListPaths = (
			);
			inputPaths = (
				"${PODS_PODFILE_DIR_PATH}/Podfile.lock",
				"${PODS_ROOT}/Manifest.lock",
			);
			name = "[CP] Check Pods Manifest.lock";
			outputFileListPaths = (
			);
			outputPaths = (
				"$(DERIVED_FILE_DIR)/Pods-GoodNews-checkManifestLockResult.txt",
			);
			runOnlyForDeploymentPostprocessing = 0;
			shellPath = /bin/sh;
			shellScript = "diff \"${PODS_PODFILE_DIR_PATH}/Podfile.lock\" \"${PODS_ROOT}/Manifest.lock\" > /dev/null\nif [ $? != 0 ] ; then\n    # print error to STDERR\n    echo \"error: The sandbox is not in sync with the Podfile.lock. Run 'pod install' or update your CocoaPods installation.\" >&2\n    exit 1\nfi\n# This output is used by Xcode 'outputs' to avoid re-running this script phase.\necho \"SUCCESS\" > \"${SCRIPT_OUTPUT_FILE_0}\"\n";
			showEnvVarsInLog = 0;
		};
		58C8A276A53D116CA72D52B9 /* [CP] Embed Pods Frameworks */ = {
			isa = PBXShellScriptBuildPhase;
			buildActionMask = 2147483647;
			files = (
			);
			inputFileListPaths = (
				"${PODS_ROOT}/Target Support Files/Pods-GoodNews/Pods-GoodNews-frameworks-${CONFIGURATION}-input-files.xcfilelist",
			);
			name = "[CP] Embed Pods Frameworks";
			outputFileListPaths = (
				"${PODS_ROOT}/Target Support Files/Pods-GoodNews/Pods-GoodNews-frameworks-${CONFIGURATION}-output-files.xcfilelist",
			);
			runOnlyForDeploymentPostprocessing = 0;
			shellPath = /bin/sh;
			shellScript = "\"${PODS_ROOT}/Target Support Files/Pods-GoodNews/Pods-GoodNews-frameworks.sh\"\n";
			showEnvVarsInLog = 0;
		};
/* End PBXShellScriptBuildPhase section */

/* Begin PBXSourcesBuildPhase section */
		C55B585C235D3AEA0091A774 /* Sources */ = {
			isa = PBXSourcesBuildPhase;
			buildActionMask = 2147483647;
			files = (
				C55B587A235D40440091A774 /* TopNewsService.swift in Sources */,
				C55B5880235D47B40091A774 /* URLRequests+Extension.swift in Sources */,
				C55B5864235D3AEA0091A774 /* AppDelegate.swift in Sources */,
				C55B5878235D3DFB0091A774 /* NewsTableViewController.swift in Sources */,
				C55B587E235D445F0091A774 /* ArticleTableViewCell.swift in Sources */,
				C55B587C235D428E0091A774 /* Article.swift in Sources */,
			);
			runOnlyForDeploymentPostprocessing = 0;
		};
/* End PBXSourcesBuildPhase section */

/* Begin PBXVariantGroup section */
		C55B5869235D3AEA0091A774 /* Main.storyboard */ = {
			isa = PBXVariantGroup;
			children = (
				C55B586A235D3AEA0091A774 /* Base */,
			);
			name = Main.storyboard;
			sourceTree = "<group>";
		};
		C55B586E235D3AEC0091A774 /* LaunchScreen.storyboard */ = {
			isa = PBXVariantGroup;
			children = (
				C55B586F235D3AEC0091A774 /* Base */,
			);
			name = LaunchScreen.storyboard;
			sourceTree = "<group>";
		};
/* End PBXVariantGroup section */

/* Begin XCBuildConfiguration section */
		C55B5872235D3AEC0091A774 /* Debug */ = {
			isa = XCBuildConfiguration;
			buildSettings = {
				ALWAYS_SEARCH_USER_PATHS = NO;
				CLANG_ANALYZER_NONNULL = YES;
				CLANG_ANALYZER_NUMBER_OBJECT_CONVERSION = YES_AGGRESSIVE;
				CLANG_CXX_LANGUAGE_STANDARD = "gnu++14";
				CLANG_CXX_LIBRARY = "libc++";
				CLANG_ENABLE_MODULES = YES;
				CLANG_ENABLE_OBJC_ARC = YES;
				CLANG_ENABLE_OBJC_WEAK = YES;
				CLANG_WARN_BLOCK_CAPTURE_AUTORELEASING = YES;
				CLANG_WARN_BOOL_CONVERSION = YES;
				CLANG_WARN_COMMA = YES;
				CLANG_WARN_CONSTANT_CONVERSION = YES;
				CLANG_WARN_DEPRECATED_OBJC_IMPLEMENTATIONS = YES;
				CLANG_WARN_DIRECT_OBJC_ISA_USAGE = YES_ERROR;
				CLANG_WARN_DOCUMENTATION_COMMENTS = YES;
				CLANG_WARN_EMPTY_BODY = YES;
				CLANG_WARN_ENUM_CONVERSION = YES;
				CLANG_WARN_INFINITE_RECURSION = YES;
				CLANG_WARN_INT_CONVERSION = YES;
				CLANG_WARN_NON_LITERAL_NULL_CONVERSION = YES;
				CLANG_WARN_OBJC_IMPLICIT_RETAIN_SELF = YES;
				CLANG_WARN_OBJC_LITERAL_CONVERSION = YES;
				CLANG_WARN_OBJC_ROOT_CLASS = YES_ERROR;
				CLANG_WARN_RANGE_LOOP_ANALYSIS = YES;
				CLANG_WARN_STRICT_PROTOTYPES = YES;
				CLANG_WARN_SUSPICIOUS_MOVE = YES;
				CLANG_WARN_UNGUARDED_AVAILABILITY = YES_AGGRESSIVE;
				CLANG_WARN_UNREACHABLE_CODE = YES;
				CLANG_WARN__DUPLICATE_METHOD_MATCH = YES;
				COPY_PHASE_STRIP = NO;
				DEBUG_INFORMATION_FORMAT = dwarf;
				ENABLE_STRICT_OBJC_MSGSEND = YES;
				ENABLE_TESTABILITY = YES;
				GCC_C_LANGUAGE_STANDARD = gnu11;
				GCC_DYNAMIC_NO_PIC = NO;
				GCC_NO_COMMON_BLOCKS = YES;
				GCC_OPTIMIZATION_LEVEL = 0;
				GCC_PREPROCESSOR_DEFINITIONS = (
					"DEBUG=1",
					"$(inherited)",
				);
				GCC_WARN_64_TO_32_BIT_CONVERSION = YES;
				GCC_WARN_ABOUT_RETURN_TYPE = YES_ERROR;
				GCC_WARN_UNDECLARED_SELECTOR = YES;
				GCC_WARN_UNINITIALIZED_AUTOS = YES_AGGRESSIVE;
				GCC_WARN_UNUSED_FUNCTION = YES;
				GCC_WARN_UNUSED_VARIABLE = YES;
				IPHONEOS_DEPLOYMENT_TARGET = 13.1;
				MTL_ENABLE_DEBUG_INFO = INCLUDE_SOURCE;
				MTL_FAST_MATH = YES;
				ONLY_ACTIVE_ARCH = YES;
				SDKROOT = iphoneos;
				SWIFT_ACTIVE_COMPILATION_CONDITIONS = DEBUG;
				SWIFT_OPTIMIZATION_LEVEL = "-Onone";
			};
			name = Debug;
		};
		C55B5873235D3AEC0091A774 /* Release */ = {
			isa = XCBuildConfiguration;
			buildSettings = {
				ALWAYS_SEARCH_USER_PATHS = NO;
				CLANG_ANALYZER_NONNULL = YES;
				CLANG_ANALYZER_NUMBER_OBJECT_CONVERSION = YES_AGGRESSIVE;
				CLANG_CXX_LANGUAGE_STANDARD = "gnu++14";
				CLANG_CXX_LIBRARY = "libc++";
				CLANG_ENABLE_MODULES = YES;
				CLANG_ENABLE_OBJC_ARC = YES;
				CLANG_ENABLE_OBJC_WEAK = YES;
				CLANG_WARN_BLOCK_CAPTURE_AUTORELEASING = YES;
				CLANG_WARN_BOOL_CONVERSION = YES;
				CLANG_WARN_COMMA = YES;
				CLANG_WARN_CONSTANT_CONVERSION = YES;
				CLANG_WARN_DEPRECATED_OBJC_IMPLEMENTATIONS = YES;
				CLANG_WARN_DIRECT_OBJC_ISA_USAGE = YES_ERROR;
				CLANG_WARN_DOCUMENTATION_COMMENTS = YES;
				CLANG_WARN_EMPTY_BODY = YES;
				CLANG_WARN_ENUM_CONVERSION = YES;
				CLANG_WARN_INFINITE_RECURSION = YES;
				CLANG_WARN_INT_CONVERSION = YES;
				CLANG_WARN_NON_LITERAL_NULL_CONVERSION = YES;
				CLANG_WARN_OBJC_IMPLICIT_RETAIN_SELF = YES;
				CLANG_WARN_OBJC_LITERAL_CONVERSION = YES;
				CLANG_WARN_OBJC_ROOT_CLASS = YES_ERROR;
				CLANG_WARN_RANGE_LOOP_ANALYSIS = YES;
				CLANG_WARN_STRICT_PROTOTYPES = YES;
				CLANG_WARN_SUSPICIOUS_MOVE = YES;
				CLANG_WARN_UNGUARDED_AVAILABILITY = YES_AGGRESSIVE;
				CLANG_WARN_UNREACHABLE_CODE = YES;
				CLANG_WARN__DUPLICATE_METHOD_MATCH = YES;
				COPY_PHASE_STRIP = NO;
				DEBUG_INFORMATION_FORMAT = "dwarf-with-dsym";
				ENABLE_NS_ASSERTIONS = NO;
				ENABLE_STRICT_OBJC_MSGSEND = YES;
				GCC_C_LANGUAGE_STANDARD = gnu11;
				GCC_NO_COMMON_BLOCKS = YES;
				GCC_WARN_64_TO_32_BIT_CONVERSION = YES;
				GCC_WARN_ABOUT_RETURN_TYPE = YES_ERROR;
				GCC_WARN_UNDECLARED_SELECTOR = YES;
				GCC_WARN_UNINITIALIZED_AUTOS = YES_AGGRESSIVE;
				GCC_WARN_UNUSED_FUNCTION = YES;
				GCC_WARN_UNUSED_VARIABLE = YES;
				IPHONEOS_DEPLOYMENT_TARGET = 13.1;
				MTL_ENABLE_DEBUG_INFO = NO;
				MTL_FAST_MATH = YES;
				SDKROOT = iphoneos;
				SWIFT_COMPILATION_MODE = wholemodule;
				SWIFT_OPTIMIZATION_LEVEL = "-O";
				VALIDATE_PRODUCT = YES;
			};
			name = Release;
		};
		C55B5875235D3AEC0091A774 /* Debug */ = {
			isa = XCBuildConfiguration;
			baseConfigurationReference = 388934340B29DE9C44190BDB /* Pods-GoodNews.debug.xcconfig */;
			buildSettings = {
				ASSETCATALOG_COMPILER_APPICON_NAME = AppIcon;
				CODE_SIGN_STYLE = Automatic;
				DEVELOPMENT_TEAM = MJ964U5533;
				INFOPLIST_FILE = GoodNews/Info.plist;
				IPHONEOS_DEPLOYMENT_TARGET = 13.0;
				LD_RUNPATH_SEARCH_PATHS = (
					"$(inherited)",
					"@executable_path/Frameworks",
				);
				PRODUCT_BUNDLE_IDENTIFIER = com.codewithshabib.GoodNews;
				PRODUCT_NAME = "$(TARGET_NAME)";
				SWIFT_VERSION = 5.0;
				TARGETED_DEVICE_FAMILY = "1,2";
			};
			name = Debug;
		};
		C55B5876235D3AEC0091A774 /* Release */ = {
			isa = XCBuildConfiguration;
			baseConfigurationReference = DA85C56324A3E4134062B4A1 /* Pods-GoodNews.release.xcconfig */;
			buildSettings = {
				ASSETCATALOG_COMPILER_APPICON_NAME = AppIcon;
				CODE_SIGN_STYLE = Automatic;
				DEVELOPMENT_TEAM = MJ964U5533;
				INFOPLIST_FILE = GoodNews/Info.plist;
				IPHONEOS_DEPLOYMENT_TARGET = 13.0;
				LD_RUNPATH_SEARCH_PATHS = (
					"$(inherited)",
					"@executable_path/Frameworks",
				);
				PRODUCT_BUNDLE_IDENTIFIER = com.codewithshabib.GoodNews;
				PRODUCT_NAME = "$(TARGET_NAME)";
				SWIFT_VERSION = 5.0;
				TARGETED_DEVICE_FAMILY = "1,2";
			};
			name = Release;
		};
/* End XCBuildConfiguration section */

/* Begin XCConfigurationList section */
		C55B585B235D3AEA0091A774 /* Build configuration list for PBXProject "GoodNews" */ = {
			isa = XCConfigurationList;
			buildConfigurations = (
				C55B5872235D3AEC0091A774 /* Debug */,
				C55B5873235D3AEC0091A774 /* Release */,
			);
			defaultConfigurationIsVisible = 0;
			defaultConfigurationName = Release;
		};
		C55B5874235D3AEC0091A774 /* Build configuration list for PBXNativeTarget "GoodNews" */ = {
			isa = XCConfigurationList;
			buildConfigurations = (
				C55B5875235D3AEC0091A774 /* Debug */,
				C55B5876235D3AEC0091A774 /* Release */,
			);
			defaultConfigurationIsVisible = 0;
			defaultConfigurationName = Release;
		};
/* End XCConfigurationList section */
	};
	rootObject = C55B5858235D3AEA0091A774 /* Project object */;
}
